
Microsoft Visual Studio Solution File, Format Version 12.00
# Visual Studio Version 17
VisualStudioVersion = 17.0.32126.317
MinimumVisualStudioVersion = 10.0.40219.1
Project("{FAE04EC0-301F-11D3-BF4B-00C04F79EFBC}") = "Media Player", "Media Player\Media Player.csproj", "{BF7A20DD-FEBC-42A3-BAAE-0C618D773E0B}"
EndProject
Global
	GlobalSection(SolutionConfigurationPlatforms) = preSolution
		Debug|Any CPU = Debug|Any CPU
		Release|Any CPU = Release|Any CPU
	EndGlobalSection
	GlobalSection(ProjectConfigurationPlatforms) = postSolution
		{BF7A20DD-FEBC-42A3-BAAE-0C618D773E0B}.Debug|Any CPU.ActiveCfg = Debug|Any CPU
		{BF7A20DD-FEBC-42A3-BAAE-0C618D773E0B}.Debug|Any CPU.Build.0 = Debug|Any CPU
		{BF7A20DD-FEBC-42A3-BAAE-0C618D773E0B}.Release|Any CPU.ActiveCfg = Release|Any CPU
		{BF7A20DD-FEBC-42A3-BAAE-0C618D773E0B}.Release|Any CPU.Build.0 = Release|Any CPU
	EndGlobalSection
	GlobalSection(SolutionProperties) = preSolution
		HideSolutionNode = FALSE
	EndGlobalSection
	GlobalSection(ExtensibilityGlobals) = postSolution
		SolutionGuid = {E09D8551-53F4-4F5D-A38D-F3C1CC9EDDDF}
	EndGlobalSection
EndGlobal
